
Microsoft Visual Studio Solution File, Format Version 12.00
Project("{FAE04EC0-301F-11D3-BF4B-00C04F79EFBC}") = "MeowTools", "..\MeowTools\src\MeowTools\MeowTools.csproj", "{A707C47F-770A-4DF2-A6FA-4B9A952732F7}"
EndProject
Project("{FAE04EC0-301F-11D3-BF4B-00C04F79EFBC}") = "MeowTools.WebUtility", "..\MeowTools\src\MeowTools.WebUtility\MeowTools.WebUtility.csproj", "{3340EE22-6FAC-4539-BA23-ECD513A5521B}"
EndProject
Project("{FAE04EC0-301F-11D3-BF4B-00C04F79EFBC}") = "MeowUserAccount.UserAPI", "src\MeowUserAccount.UserAPI\MeowUserAccount.UserAPI.csproj", "{D40D09E2-14D8-4ED4-9ECF-3EC13326E793}"
EndProject
Project("{FAE04EC0-301F-11D3-BF4B-00C04F79EFBC}") = "MeowUserAccount", "src\MeowUserAccount\MeowUserAccount.csproj", "{69F75353-C381-408D-ACFB-9626F8033983}"
EndProject
Project("{FAE04EC0-301F-11D3-BF4B-00C04F79EFBC}") = "MeowUserAccount.AdminAPI", "src\MeowUserAccount.AdminAPI\MeowUserAccount.AdminAPI.csproj", "{CDCF7C80-C245-4877-8F64-64BCC524EC42}"
EndProject
Project("{FAE04EC0-301F-11D3-BF4B-00C04F79EFBC}") = "MeowUserAccount.DebugTest", "src\MeowUserAccount.DebugTest\MeowUserAccount.DebugTest.csproj", "{4A0A9D6A-CDED-45EB-A309-B97DBCE78397}"
EndProject
Global
	GlobalSection(SolutionConfigurationPlatforms) = preSolution
		Debug|Any CPU = Debug|Any CPU
		Release|Any CPU = Release|Any CPU
	EndGlobalSection
	GlobalSection(ProjectConfigurationPlatforms) = postSolution
		{A707C47F-770A-4DF2-A6FA-4B9A952732F7}.Debug|Any CPU.ActiveCfg = Debug|Any CPU
		{A707C47F-770A-4DF2-A6FA-4B9A952732F7}.Debug|Any CPU.Build.0 = Debug|Any CPU
		{A707C47F-770A-4DF2-A6FA-4B9A952732F7}.Release|Any CPU.ActiveCfg = Release|Any CPU
		{A707C47F-770A-4DF2-A6FA-4B9A952732F7}.Release|Any CPU.Build.0 = Release|Any CPU
		{3340EE22-6FAC-4539-BA23-ECD513A5521B}.Debug|Any CPU.ActiveCfg = Debug|Any CPU
		{3340EE22-6FAC-4539-BA23-ECD513A5521B}.Debug|Any CPU.Build.0 = Debug|Any CPU
		{3340EE22-6FAC-4539-BA23-ECD513A5521B}.Release|Any CPU.ActiveCfg = Release|Any CPU
		{3340EE22-6FAC-4539-BA23-ECD513A5521B}.Release|Any CPU.Build.0 = Release|Any CPU
		{D40D09E2-14D8-4ED4-9ECF-3EC13326E793}.Debug|Any CPU.ActiveCfg = Debug|Any CPU
		{D40D09E2-14D8-4ED4-9ECF-3EC13326E793}.Debug|Any CPU.Build.0 = Debug|Any CPU
		{D40D09E2-14D8-4ED4-9ECF-3EC13326E793}.Release|Any CPU.ActiveCfg = Release|Any CPU
		{D40D09E2-14D8-4ED4-9ECF-3EC13326E793}.Release|Any CPU.Build.0 = Release|Any CPU
		{69F75353-C381-408D-ACFB-9626F8033983}.Debug|Any CPU.ActiveCfg = Debug|Any CPU
		{69F75353-C381-408D-ACFB-9626F8033983}.Debug|Any CPU.Build.0 = Debug|Any CPU
		{69F75353-C381-408D-ACFB-9626F8033983}.Release|Any CPU.ActiveCfg = Release|Any CPU
		{69F75353-C381-408D-ACFB-9626F8033983}.Release|Any CPU.Build.0 = Release|Any CPU
		{CDCF7C80-C245-4877-8F64-64BCC524EC42}.Debug|Any CPU.ActiveCfg = Debug|Any CPU
		{CDCF7C80-C245-4877-8F64-64BCC524EC42}.Debug|Any CPU.Build.0 = Debug|Any CPU
		{CDCF7C80-C245-4877-8F64-64BCC524EC42}.Release|Any CPU.ActiveCfg = Release|Any CPU
		{CDCF7C80-C245-4877-8F64-64BCC524EC42}.Release|Any CPU.Build.0 = Release|Any CPU
		{4A0A9D6A-CDED-45EB-A309-B97DBCE78397}.Debug|Any CPU.ActiveCfg = Debug|Any CPU
		{4A0A9D6A-CDED-45EB-A309-B97DBCE78397}.Debug|Any CPU.Build.0 = Debug|Any CPU
		{4A0A9D6A-CDED-45EB-A309-B97DBCE78397}.Release|Any CPU.ActiveCfg = Release|Any CPU
		{4A0A9D6A-CDED-45EB-A309-B97DBCE78397}.Release|Any CPU.Build.0 = Release|Any CPU
	EndGlobalSection
EndGlobal
